<?xml version="1.0" encoding="utf-8"?>
<Project ToolsVersion="4.0" xmlns="http://schemas.microsoft.com/developer/msbuild/2003">
  <ItemGroup>
    <Filter Include="Source Files">
      <UniqueIdentifier>{4FC737F1-C7A5-4376-A066-2A32D752A2FF}</UniqueIdentifier>
      <Extensions>cpp;cxx;c;def</Extensions>
    </Filter>
    <Filter Include="Header Files">
      <UniqueIdentifier>{93995380-89BD-4b04-88EB-625FBE52EBFB}</UniqueIdentifier>
      <Extensions>h</Extensions>
    </Filter>
    <Filter Include="Form Files">
      <UniqueIdentifier>{99349809-55BA-4b9d-BF79-8FDBB0286EB3}</UniqueIdentifier>
      <Extensions>ui</Extensions>
    </Filter>
    <Filter Include="Resource Files">
      <UniqueIdentifier>{D9D6E242-F8AF-46E4-B9FD-80ECBC20BA3E}</UniqueIdentifier>
      <Extensions>qrc;*</Extensions>
      <ParseFiles>false</ParseFiles>
    </Filter>
    <Filter Include="Generated Files">
      <UniqueIdentifier>{71ED8ED8-ACB9-4CE9-BBE1-E00B30144E11}</UniqueIdentifier>
      <Extensions>moc;h;cpp</Extensions>
      <SourceControlFiles>False</SourceControlFiles>
    </Filter>
    <Filter Include="Generated Files\Debug">
      <UniqueIdentifier>{e0e6008f-c253-41e7-a63b-e2c19dd60664}</UniqueIdentifier>
      <Extensions>cpp;moc</Extensions>
      <SourceControlFiles>False</SourceControlFiles>
    </Filter>
    <Filter Include="Generated Files\Release">
      <UniqueIdentifier>{bd99788a-cdea-4818-847d-3a7c554ea59e}</UniqueIdentifier>
      <Extensions>cpp;moc</Extensions>
      <SourceControlFiles>False</SourceControlFiles>
    </Filter>
  </ItemGroup>
  <ItemGroup>
    <ClCompile Include="main.cpp">
      <Filter>Source Files</Filter>
    </ClCompile>
    <ClCompile Include="MainWindow.cpp">
      <Filter>Source Files</Filter>
    </ClCompile>
    <ClCompile Include="GeneratedFiles\Debug\moc_MainWindow.cpp">
      <Filter>Generated Files\Debug</Filter>
    </ClCompile>
    <ClCompile Include="GeneratedFiles\Release\moc_MainWindow.cpp">
      <Filter>Generated Files\Release</Filter>
    </ClCompile>
    <ClCompile Include="GeneratedFiles\qrc_MainWindow.cpp">
      <Filter>Generated Files</Filter>
    </ClCompile>
    <ClCompile Include="GLWidget3D.cpp">
      <Filter>Source Files</Filter>
    </ClCompile>
    <ClCompile Include="GLWidget3D_Shadows.cpp">
      <Filter>Source Files</Filter>
    </ClCompile>
    <ClCompile Include="BBox.cpp">
      <Filter>Source Files</Filter>
    </ClCompile>
    <ClCompile Include="Block.cpp">
      <Filter>Source Files</Filter>
    </ClCompile>
    <ClCompile Include="BlockMeshGenerator.cpp">
      <Filter>Source Files</Filter>
    </ClCompile>
    <ClCompile Include="BlockSet.cpp">
      <Filter>Source Files</Filter>
    </ClCompile>
    <ClCompile Include="GeoBuilding.cpp">
      <Filter>Source Files</Filter>
    </ClCompile>
    <ClCompile Include="global.cpp">
      <Filter>Source Files</Filter>
    </ClCompile>
    <ClCompile Include="OSMRoadsParser.cpp">
      <Filter>Source Files</Filter>
    </ClCompile>
    <ClCompile Include="Parcel.cpp">
      <Filter>Source Files</Filter>
    </ClCompile>
    <ClCompile Include="Pm.cpp">
      <Filter>Source Files</Filter>
    </ClCompile>
    <ClCompile Include="PmBlocks.cpp">
      <Filter>Source Files</Filter>
    </ClCompile>
    <ClCompile Include="PmBuildings.cpp">
      <Filter>Source Files</Filter>
    </ClCompile>
    <ClCompile Include="PmParcels.cpp">
      <Filter>Source Files</Filter>
    </ClCompile>
    <ClCompile Include="PmVegetation.cpp">
      <Filter>Source Files</Filter>
    </ClCompile>
    <ClCompile Include="Polygon2D.cpp">
      <Filter>Source Files</Filter>
    </ClCompile>
    <ClCompile Include="Polygon3D.cpp">
      <Filter>Source Files</Filter>
    </ClCompile>
    <ClCompile Include="PolygonOffset.cpp">
      <Filter>Source Files</Filter>
    </ClCompile>
    <ClCompile Include="Polyline2D.cpp">
      <Filter>Source Files</Filter>
    </ClCompile>
    <ClCompile Include="Polyline3D.cpp">
      <Filter>Source Files</Filter>
    </ClCompile>
    <ClCompile Include="RoadEdge.cpp">
      <Filter>Source Files</Filter>
    </ClCompile>
    <ClCompile Include="RoadGraph.cpp">
      <Filter>Source Files</Filter>
    </ClCompile>
    <ClCompile Include="RoadMeshGenerator.cpp">
      <Filter>Source Files</Filter>
    </ClCompile>
    <ClCompile Include="RoadVertex.cpp">
      <Filter>Source Files</Filter>
    </ClCompile>
    <ClCompile Include="UrbanGeometry.cpp">
      <Filter>Source Files</Filter>
    </ClCompile>
    <ClCompile Include="Util.cpp">
      <Filter>Source Files</Filter>
    </ClCompile>
    <ClCompile Include="VBOModel.cpp">
      <Filter>Source Files</Filter>
    </ClCompile>
    <ClCompile Include="VBOModel_StreetElements.cpp">
      <Filter>Source Files</Filter>
    </ClCompile>
    <ClCompile Include="VBORenderManager.cpp">
      <Filter>Source Files</Filter>
    </ClCompile>
    <ClCompile Include="VBOShader.cpp">
      <Filter>Source Files</Filter>
    </ClCompile>
    <ClCompile Include="VBOSkyBox.cpp">
      <Filter>Source Files</Filter>
    </ClCompile>
    <ClCompile Include="VBOTerrain.cpp">
      <Filter>Source Files</Filter>
    </ClCompile>
    <ClCompile Include="VBOUtil.cpp">
      <Filter>Source Files</Filter>
    </ClCompile>
    <ClCompile Include="VBOWater.cpp">
      <Filter>Source Files</Filter>
    </ClCompile>
    <ClCompile Include="nvModel\nvModel.cpp">
      <Filter>Source Files</Filter>
    </ClCompile>
    <ClCompile Include="nvModel\nvModelObj.cpp">
      <Filter>Source Files</Filter>
    </ClCompile>
    <ClCompile Include="nvModel\nvModelQuery.cpp">
      <Filter>Source Files</Filter>
    </ClCompile>
    <ClCompile Include="History.cpp">
      <Filter>Source Files</Filter>
    </ClCompile>
    <ClCompile Include="RoadGraphEditor.cpp">
      <Filter>Source Files</Filter>
    </ClCompile>
    <ClCompile Include="OSMRoadsExporter.cpp">
      <Filter>Source Files</Filter>
    </ClCompile>
    <ClCompile Include="PropertyWidget.cpp">
      <Filter>Source Files</Filter>
    </ClCompile>
    <ClCompile Include="GeneratedFiles\Debug\moc_PropertyWidget.cpp">
      <Filter>Generated Files\Debug</Filter>
    </ClCompile>
    <ClCompile Include="GeneratedFiles\Release\moc_PropertyWidget.cpp">
      <Filter>Generated Files\Release</Filter>
    </ClCompile>
  </ItemGroup>
  <ItemGroup>
    <CustomBuild Include="MainWindow.h">
      <Filter>Header Files</Filter>
    </CustomBuild>
    <CustomBuild Include="MainWindow.ui">
      <Filter>Form Files</Filter>
    </CustomBuild>
    <CustomBuild Include="MainWindow.qrc">
      <Filter>Resource Files</Filter>
    </CustomBuild>
    <CustomBuild Include="PropertyWidget.h">
      <Filter>Header Files</Filter>
    </CustomBuild>
    <CustomBuild Include="PropertyWidget.ui">
      <Filter>Form Files</Filter>
    </CustomBuild>
  </ItemGroup>
  <ItemGroup>
    <ClInclude Include="GeneratedFiles\ui_MainWindow.h">
      <Filter>Generated Files</Filter>
    </ClInclude>
    <ClInclude Include="BBox.h">
      <Filter>Header Files</Filter>
    </ClInclude>
    <ClInclude Include="Block.h">
      <Filter>Header Files</Filter>
    </ClInclude>
    <ClInclude Include="BlockMeshGenerator.h">
      <Filter>Header Files</Filter>
    </ClInclude>
    <ClInclude Include="BlockSet.h">
      <Filter>Header Files</Filter>
    </ClInclude>
    <ClInclude Include="Building.h">
      <Filter>Header Files</Filter>
    </ClInclude>
    <ClInclude Include="Camera.h">
      <Filter>Header Files</Filter>
    </ClInclude>
    <ClInclude Include="common.h">
      <Filter>Header Files</Filter>
    </ClInclude>
    <ClInclude Include="GeoBuilding.h">
      <Filter>Header Files</Filter>
    </ClInclude>
    <ClInclude Include="global.h">
      <Filter>Header Files</Filter>
    </ClInclude>
    <ClInclude Include="GLWidget3D.h">
      <Filter>Header Files</Filter>
    </ClInclude>
    <ClInclude Include="GLWidget3D_Shadows.h">
      <Filter>Header Files</Filter>
    </ClInclude>
    <ClInclude Include="OSMRoadsParser.h">
      <Filter>Header Files</Filter>
    </ClInclude>
    <ClInclude Include="Parcel.h">
      <Filter>Header Files</Filter>
    </ClInclude>
    <ClInclude Include="Pm.h">
      <Filter>Header Files</Filter>
    </ClInclude>
    <ClInclude Include="PmBlocks.h">
      <Filter>Header Files</Filter>
    </ClInclude>
    <ClInclude Include="PmBuildings.h">
      <Filter>Header Files</Filter>
    </ClInclude>
    <ClInclude Include="PmParcels.h">
      <Filter>Header Files</Filter>
    </ClInclude>
    <ClInclude Include="PmVegetation.h">
      <Filter>Header Files</Filter>
    </ClInclude>
    <ClInclude Include="Polygon2D.h">
      <Filter>Header Files</Filter>
    </ClInclude>
    <ClInclude Include="Polygon3D.h">
      <Filter>Header Files</Filter>
    </ClInclude>
    <ClInclude Include="PolygonOffset.h">
      <Filter>Header Files</Filter>
    </ClInclude>
    <ClInclude Include="Polyline2D.h">
      <Filter>Header Files</Filter>
    </ClInclude>
    <ClInclude Include="VBOWater.h">
      <Filter>Header Files</Filter>
    </ClInclude>
    <ClInclude Include="VBOUtil.h">
      <Filter>Header Files</Filter>
    </ClInclude>
    <ClInclude Include="VBOTerrain.h">
      <Filter>Header Files</Filter>
    </ClInclude>
    <ClInclude Include="VBOSkyBox.h">
      <Filter>Header Files</Filter>
    </ClInclude>
    <ClInclude Include="VBOShader.h">
      <Filter>Header Files</Filter>
    </ClInclude>
    <ClInclude Include="VBORenderManager.h">
      <Filter>Header Files</Filter>
    </ClInclude>
    <ClInclude Include="VBOModel_StreetElements.h">
      <Filter>Header Files</Filter>
    </ClInclude>
    <ClInclude Include="VBOModel.h">
      <Filter>Header Files</Filter>
    </ClInclude>
    <ClInclude Include="Util.h">
      <Filter>Header Files</Filter>
    </ClInclude>
    <ClInclude Include="UrbanGeometry.h">
      <Filter>Header Files</Filter>
    </ClInclude>
    <ClInclude Include="RoadVertex.h">
      <Filter>Header Files</Filter>
    </ClInclude>
    <ClInclude Include="RoadMeshGenerator.h">
      <Filter>Header Files</Filter>
    </ClInclude>
    <ClInclude Include="RoadGraph.h">
      <Filter>Header Files</Filter>
    </ClInclude>
    <ClInclude Include="RoadEdge.h">
      <Filter>Header Files</Filter>
    </ClInclude>
    <ClInclude Include="Polyline3D.h">
      <Filter>Header Files</Filter>
    </ClInclude>
    <ClInclude Include="GeneratedFiles\ui_PropertyWidget.h">
      <Filter>Generated Files</Filter>
    </ClInclude>
    <ClInclude Include="nvModel\nvQuaternion.h">
      <Filter>Header Files</Filter>
    </ClInclude>
    <ClInclude Include="nvModel\nvVector.h">
      <Filter>Header Files</Filter>
    </ClInclude>
    <ClInclude Include="OSMRoadsExporter.h">
      <Filter>Header Files</Filter>
    </ClInclude>
    <ClInclude Include="nvModel\nvMath.h">
      <Filter>Header Files</Filter>
    </ClInclude>
    <ClInclude Include="nvModel\nvMatrix.h">
      <Filter>Header Files</Filter>
    </ClInclude>
    <ClInclude Include="nvModel\nvModel.h">
      <Filter>Header Files</Filter>
    </ClInclude>
    <ClInclude Include="History.h">
      <Filter>Header Files</Filter>
    </ClInclude>
    <ClInclude Include="RoadGraphEditor.h">
      <Filter>Header Files</Filter>
    </ClInclude>
  </ItemGroup>
</Project>